
Microsoft Visual Studio Solution File, Format Version 12.00
# Visual Studio Version 17
VisualStudioVersion = 17.4.33205.214
MinimumVisualStudioVersion = 10.0.40219.1
Project("{9A19103F-16F7-4668-BE54-9A1E7A4F7556}") = "PhotoDateChanger", "src/PhotoDateChanger.csproj", "{B6DB7A80-3C1F-49DE-928B-54219DD73F4F}"
EndProject
Project("{9A19103F-16F7-4668-BE54-9A1E7A4F7556}") = "PhotoDateChangerTests", "test\PhotoDateChangerTests.csproj", "{2FB059A1-1931-442A-8269-22CA06EC45CE}"
EndProject
Global
	GlobalSection(SolutionConfigurationPlatforms) = preSolution
		Debug|Any CPU = Debug|Any CPU
		Release|Any CPU = Release|Any CPU
	EndGlobalSection
	GlobalSection(ProjectConfigurationPlatforms) = postSolution
		{B6DB7A80-3C1F-49DE-928B-54219DD73F4F}.Debug|Any CPU.ActiveCfg = Debug|Any CPU
		{B6DB7A80-3C1F-49DE-928B-54219DD73F4F}.Debug|Any CPU.Build.0 = Debug|Any CPU
		{B6DB7A80-3C1F-49DE-928B-54219DD73F4F}.Release|Any CPU.ActiveCfg = Release|Any CPU
		{B6DB7A80-3C1F-49DE-928B-54219DD73F4F}.Release|Any CPU.Build.0 = Release|Any CPU
		{2FB059A1-1931-442A-8269-22CA06EC45CE}.Debug|Any CPU.ActiveCfg = Debug|Any CPU
		{2FB059A1-1931-442A-8269-22CA06EC45CE}.Debug|Any CPU.Build.0 = Debug|Any CPU
		{2FB059A1-1931-442A-8269-22CA06EC45CE}.Release|Any CPU.ActiveCfg = Release|Any CPU
		{2FB059A1-1931-442A-8269-22CA06EC45CE}.Release|Any CPU.Build.0 = Release|Any CPU
	EndGlobalSection
	GlobalSection(SolutionProperties) = preSolution
		HideSolutionNode = FALSE
	EndGlobalSection
	GlobalSection(ExtensibilityGlobals) = postSolution
		SolutionGuid = {C3D70086-045C-4E8A-AA25-035363A136A1}
	EndGlobalSection
EndGlobal
